
Microsoft Visual Studio Solution File, Format Version 12.00
# Visual Studio Version 16
VisualStudioVersion = 16.0.31313.79
MinimumVisualStudioVersion = 10.0.40219.1
Project("{8BC9CEB8-8B4A-11D0-8D11-00A0C91BC942}") = "ConvertNum", "SummerProject.vcxproj", "{17111C6C-7BEB-4034-BB60-B0A6E2D33318}"
EndProject
Global
	GlobalSection(SolutionConfigurationPlatforms) = preSolution
		Debug|x64 = Debug|x64
		Debug|x86 = Debug|x86
		Release|x64 = Release|x64
		Release|x86 = Release|x86
	EndGlobalSection
	GlobalSection(ProjectConfigurationPlatforms) = postSolution
		{17111C6C-7BEB-4034-BB60-B0A6E2D33318}.Debug|x64.ActiveCfg = Debug|x64
		{17111C6C-7BEB-4034-BB60-B0A6E2D33318}.Debug|x64.Build.0 = Debug|x64
		{17111C6C-7BEB-4034-BB60-B0A6E2D33318}.Debug|x86.ActiveCfg = Debug|Win32
		{17111C6C-7BEB-4034-BB60-B0A6E2D33318}.Debug|x86.Build.0 = Debug|Win32
		{17111C6C-7BEB-4034-BB60-B0A6E2D33318}.Release|x64.ActiveCfg = Release|x64
		{17111C6C-7BEB-4034-BB60-B0A6E2D33318}.Release|x64.Build.0 = Release|x64
		{17111C6C-7BEB-4034-BB60-B0A6E2D33318}.Release|x86.ActiveCfg = Release|Win32
		{17111C6C-7BEB-4034-BB60-B0A6E2D33318}.Release|x86.Build.0 = Release|Win32
	EndGlobalSection
	GlobalSection(SolutionProperties) = preSolution
		HideSolutionNode = FALSE
	EndGlobalSection
	GlobalSection(ExtensibilityGlobals) = postSolution
		SolutionGuid = {FB672A44-EC15-4A47-9EFC-B8F1AD99B04B}
	EndGlobalSection
EndGlobal
